{
  "name": "picovis-sour",
  "version": "1.0.0",
  "lockfileVersion": 1,
  "requires": true,
  "dependencies": {
    "page.js": {
      "version": "4.13.3",
      "resolved": "https://registry.npmjs.org/page.js/-/page.js-4.13.3.tgz",
      "integrity": "sha1-1ff+vt0VrIUa0Y0+T/RdVMMgJ24=",
      "dev": true,
      "requires": {
        "path-to-regexp": "0.1.7"
      }
    },
    "path-to-regexp": {
      "version": "0.1.7",
      "resolved": "https://registry.npmjs.org/path-to-regexp/-/path-to-regexp-0.1.7.tgz",
      "integrity": "sha1-32BBeABfUi8V60SQ5yR6G/qmf4w=",
      "dev": true
    }
  }
}
